Microsoft Visual Studio Solution File, Format Version 12.00
# Visual Studio Version 17
VisualStudioVersion = 17.5.2.0
MinimumVisualStudioVersion = 10.0.40219.1
Project("{FAE04EC0-301F-11D3-BF4B-00C04F79EFBC}") = "BlazorApp_AdminWeb", "BlazorApp_AdminWeb.csproj", "{ABFFA80D-7E31-0B5A-677E-4DCF663B072B}"
EndProject
Global
	GlobalSection(SolutionConfigurationPlatforms) = preSolution
		Debug|Any CPU = Debug|Any CPU
		Release|Any CPU = Release|Any CPU
	EndGlobalSection
	GlobalSection(ProjectConfigurationPlatforms) = postSolution
		{ABFFA80D-7E31-0B5A-677E-4DCF663B072B}.Debug|Any CPU.ActiveCfg = Debug|Any CPU
		{ABFFA80D-7E31-0B5A-677E-4DCF663B072B}.Debug|Any CPU.Build.0 = Debug|Any CPU
		{ABFFA80D-7E31-0B5A-677E-4DCF663B072B}.Release|Any CPU.ActiveCfg = Release|Any CPU
		{ABFFA80D-7E31-0B5A-677E-4DCF663B072B}.Release|Any CPU.Build.0 = Release|Any CPU
	EndGlobalSection
	GlobalSection(SolutionProperties) = preSolution
		HideSolutionNode = FALSE
	EndGlobalSection
	GlobalSection(ExtensibilityGlobals) = postSolution
		SolutionGuid = {8C7E91A2-75CA-482C-88EA-5027944DFA2E}
	EndGlobalSection
EndGlobal
